// !$*UTF8*$!
{
	archiveVersion = 1;
	classes = {
	};
	objectVersion = 46;
	objects = {

/* Begin PBXBuildFile section */
		C61F429A1CEA8BF60060E8EA /* main.cpp in Sources */ = {isa = PBXBuildFile; fileRef = C61F42991CEA8BF60060E8EA /* main.cpp */; };
/* End PBXBuildFile section */

/* Begin PBXCopyFilesBuildPhase section */
		C61F42931CEA8BF60060E8EA /* CopyFiles */ = {
			isa = PBXCopyFilesBuildPhase;
			buildActionMask = 2147483647;
			dstPath = /usr/share/man/man1/;
			dstSubfolderSpec = 0;
			files = (
			);
			runOnlyForDeploymentPostprocessing = 1;
		};
/* End PBXCopyFilesBuildPhase section */

/* Begin PBXFileReference section */
		C61F42951CEA8BF60060E8EA /* Bot_Soccer_Game */ = {isa = PBXFileReference; explicitFileType = "compiled.mach-o.executable"; includeInIndex = 0; path = Bot_Soccer_Game; sourceTree = BUILT_PRODUCTS_DIR; };
		C61F42991CEA8BF60060E8EA /* main.cpp */ = {isa = PBXFileReference; lastKnownFileType = sourcecode.cpp.cpp; path = main.cpp; sourceTree = "<group>"; };
		C61F429B1CEA8BF60060E8EA /* Bot_Soccer_Game.1 */ = {isa = PBXFileReference; lastKnownFileType = text.man; path = Bot_Soccer_Game.1; sourceTree = "<group>"; };
/* End PBXFileReference section */

/* Begin PBXFrameworksBuildPhase section */
		C61F42921CEA8BF60060E8EA /* Frameworks */ = {
			isa = PBXFrameworksBuildPhase;
			buildActionMask = 2147483647;
			files = (
			);
			runOnlyForDeploymentPostprocessing = 0;
		};
/* End PBXFrameworksBuildPhase section */

/* Begin PBXGroup section */
		C61F428A1CEA8BF50060E8EA = {
			isa = PBXGroup;
			children = (
				C61F42981CEA8BF60060E8EA /* Bot_Soccer_Game */,
				C61F42961CEA8BF60060E8EA /* Products */,
			);
			sourceTree = "<group>";
		};
		C61F42961CEA8BF60060E8EA /* Products */ = {
			isa = PBXGroup;
			children = (
				C61F42951CEA8BF60060E8EA /* Bot_Soccer_Game */,
			);
			name = Products;
			sourceTree = "<group>";
		};
		C61F42981CEA8BF60060E8EA /* Bot_Soccer_Game */ = {
			isa = PBXGroup;
			children = (
				C61F42991CEA8BF60060E8EA /* main.cpp */,
				C61F429B1CEA8BF60060E8EA /* Bot_Soccer_Game.1 */,
			);
			path = Bot_Soccer_Game;
			sourceTree = "<group>";
		};
/* End PBXGroup section */

/* Begin PBXNativeTarget section */
		C61F42941CEA8BF60060E8EA /* Bot_Soccer_Game */ = {
			isa = PBXNativeTarget;
			buildConfigurationList = C61F429E1CEA8BF60060E8EA /* Build configuration list for PBXNativeTarget "Bot_Soccer_Game" */;
			buildPhases = (
				C61F42911CEA8BF60060E8EA /* Sources */,
				C61F42921CEA8BF60060E8EA /* Frameworks */,
				C61F42931CEA8BF60060E8EA /* CopyFiles */,
			);
			buildRules = (
			);
			dependencies = (
			);
			name = Bot_Soccer_Game;
			productName = Bot_Soccer_Game;
			productReference = C61F42951CEA8BF60060E8EA /* Bot_Soccer_Game */;
			productType = "com.apple.product-type.tool";
		};
/* End PBXNativeTarget section */

/* Begin PBXProject section */
		C61F428C1CEA8BF50060E8EA /* Project object */ = {
			isa = PBXProject;
			buildConfigurationList = C61F428F1CEA8BF50060E8EA /* Build configuration list for PBXProject "Bot_Soccer_Game" */;
			compatibilityVersion = "Xcode 3.2";
			developmentRegion = English;
			hasScannedForEncodings = 0;
			knownRegions = (
				en,
			);
			mainGroup = C61F428A1CEA8BF50060E8EA;
			productRefGroup = C61F42961CEA8BF60060E8EA /* Products */;
			projectDirPath = "";
			projectRoot = "";
			targets = (
				C61F42941CEA8BF60060E8EA /* Bot_Soccer_Game */,
			);
		};
/* End PBXProject section */

/* Begin PBXSourcesBuildPhase section */
		C61F42911CEA8BF60060E8EA /* Sources */ = {
			isa = PBXSourcesBuildPhase;
			buildActionMask = 2147483647;
			files = (
				C61F429A1CEA8BF60060E8EA /* main.cpp in Sources */,
			);
			runOnlyForDeploymentPostprocessing = 0;
		};
/* End PBXSourcesBuildPhase section */

/* Begin XCBuildConfiguration section */
		C61F429C1CEA8BF60060E8EA /* Debug */ = {
			isa = XCBuildConfiguration;
			buildSettings = {
				ARCHS = "$(ARCHS_STANDARD_32_64_BIT)";
				GCC_C_LANGUAGE_STANDARD = gnu99;
				GCC_OPTIMIZATION_LEVEL = 0;
				GCC_PREPROCESSOR_DEFINITIONS = DEBUG;
				GCC_SYMBOLS_PRIVATE_EXTERN = NO;
				GCC_VERSION = com.apple.compilers.llvm.clang.1_0;
				GCC_WARN_64_TO_32_BIT_CONVERSION = YES;
				GCC_WARN_ABOUT_RETURN_TYPE = YES;
				GCC_WARN_UNUSED_VARIABLE = YES;
				MACOSX_DEPLOYMENT_TARGET = 10.6;
				ONLY_ACTIVE_ARCH = YES;
				SDKROOT = macosx;
			};
			name = Debug;
		};
		C61F429D1CEA8BF60060E8EA /* Release */ = {
			isa = XCBuildConfiguration;
			buildSettings = {
				ARCHS = "$(ARCHS_STANDARD_32_64_BIT)";
				GCC_C_LANGUAGE_STANDARD = gnu99;
				GCC_VERSION = com.apple.compilers.llvm.clang.1_0;
				GCC_WARN_64_TO_32_BIT_CONVERSION = YES;
				GCC_WARN_ABOUT_RETURN_TYPE = YES;
				GCC_WARN_UNUSED_VARIABLE = YES;
				MACOSX_DEPLOYMENT_TARGET = 10.6;
				SDKROOT = macosx;
			};
			name = Release;
		};
		C61F429F1CEA8BF60060E8EA /* Debug */ = {
			isa = XCBuildConfiguration;
			buildSettings = {
				ALWAYS_SEARCH_USER_PATHS = NO;
				COPY_PHASE_STRIP = NO;
				GCC_DYNAMIC_NO_PIC = NO;
				GCC_ENABLE_OBJC_EXCEPTIONS = YES;
				PRODUCT_NAME = "$(TARGET_NAME)";
			};
			name = Debug;
		};
		C61F42A01CEA8BF60060E8EA /* Release */ = {
			isa = XCBuildConfiguration;
			buildSettings = {
				ALWAYS_SEARCH_USER_PATHS = NO;
				COPY_PHASE_STRIP = YES;
				DEBUG_INFORMATION_FORMAT = "dwarf-with-dsym";
				GCC_ENABLE_OBJC_EXCEPTIONS = YES;
				PRODUCT_NAME = "$(TARGET_NAME)";
			};
			name = Release;
		};
/* End XCBuildConfiguration section */

/* Begin XCConfigurationList section */
		C61F428F1CEA8BF50060E8EA /* Build configuration list for PBXProject "Bot_Soccer_Game" */ = {
			isa = XCConfigurationList;
			buildConfigurations = (
				C61F429C1CEA8BF60060E8EA /* Debug */,
				C61F429D1CEA8BF60060E8EA /* Release */,
			);
			defaultConfigurationIsVisible = 0;
			defaultConfigurationName = Release;
		};
		C61F429E1CEA8BF60060E8EA /* Build configuration list for PBXNativeTarget "Bot_Soccer_Game" */ = {
			isa = XCConfigurationList;
			buildConfigurations = (
				C61F429F1CEA8BF60060E8EA /* Debug */,
				C61F42A01CEA8BF60060E8EA /* Release */,
			);
			defaultConfigurationIsVisible = 0;
		};
/* End XCConfigurationList section */
	};
	rootObject = C61F428C1CEA8BF50060E8EA /* Project object */;
}
